
Microsoft Visual Studio Solution File, Format Version 12.00
# Visual Studio 15
VisualStudioVersion = 15.0.27004.2002
MinimumVisualStudioVersion = 10.0.40219.1
Project("{888888A0-9F3D-457C-B088-3A5042F75D52}") = "PythonProject", "PythonProject\PythonProject.pyproj", "{80CBD292-9149-47E1-9F8E-A2056E3B03EC}"
EndProject
Global
	GlobalSection(SolutionConfigurationPlatforms) = preSolution
		Debug|Any CPU = Debug|Any CPU
		Release|Any CPU = Release|Any CPU
	EndGlobalSection
	GlobalSection(ProjectConfigurationPlatforms) = postSolution
		{80CBD292-9149-47E1-9F8E-A2056E3B03EC}.Debug|Any CPU.ActiveCfg = Debug|Any CPU
		{80CBD292-9149-47E1-9F8E-A2056E3B03EC}.Release|Any CPU.ActiveCfg = Release|Any CPU
	EndGlobalSection
	GlobalSection(SolutionProperties) = preSolution
		HideSolutionNode = FALSE
	EndGlobalSection
	GlobalSection(ExtensibilityGlobals) = postSolution
		SolutionGuid = {957A9E2C-D83D-44CB-ABF4-400D0D731D0D}
	EndGlobalSection
EndGlobal
