
Microsoft Visual Studio Solution File, Format Version 12.00
# Visual Studio 15
VisualStudioVersion = 15.0.27004.2002
MinimumVisualStudioVersion = 10.0.40219.1
Project("{888888A0-9F3D-457C-B088-3A5042F75D52}") = "PythonProject", "PythonProject\PythonProject.pyproj", "{C978D591-DFD1-4191-90F3-A7C083D17DC2}"
EndProject
Global
	GlobalSection(SolutionConfigurationPlatforms) = preSolution
		Debug|Any CPU = Debug|Any CPU
		Release|Any CPU = Release|Any CPU
	EndGlobalSection
	GlobalSection(ProjectConfigurationPlatforms) = postSolution
		{C978D591-DFD1-4191-90F3-A7C083D17DC2}.Debug|Any CPU.ActiveCfg = Debug|Any CPU
		{C978D591-DFD1-4191-90F3-A7C083D17DC2}.Release|Any CPU.ActiveCfg = Release|Any CPU
	EndGlobalSection
	GlobalSection(SolutionProperties) = preSolution
		HideSolutionNode = FALSE
	EndGlobalSection
	GlobalSection(ExtensibilityGlobals) = postSolution
		SolutionGuid = {8AC251A2-CD04-4E0A-A8CC-4025DA9F5132}
	EndGlobalSection
EndGlobal
